
Microsoft Visual Studio Solution File, Format Version 12.00
# Visual Studio Version 17
VisualStudioVersion = 17.2.32616.157
MinimumVisualStudioVersion = 10.0.40219.1
Project("{9A19103F-16F7-4668-BE54-9A1E7A4F7556}") = "ABCApi", "ABCApi\ABCApi.csproj", "{5DE3D12C-38B0-498F-BFA8-82A4EEC6D320}"
EndProject
Global
	GlobalSection(SolutionConfigurationPlatforms) = preSolution
		Debug|Any CPU = Debug|Any CPU
		Release|Any CPU = Release|Any CPU
	EndGlobalSection
	GlobalSection(ProjectConfigurationPlatforms) = postSolution
		{5DE3D12C-38B0-498F-BFA8-82A4EEC6D320}.Debug|Any CPU.ActiveCfg = Debug|Any CPU
		{5DE3D12C-38B0-498F-BFA8-82A4EEC6D320}.Debug|Any CPU.Build.0 = Debug|Any CPU
		{5DE3D12C-38B0-498F-BFA8-82A4EEC6D320}.Release|Any CPU.ActiveCfg = Release|Any CPU
		{5DE3D12C-38B0-498F-BFA8-82A4EEC6D320}.Release|Any CPU.Build.0 = Release|Any CPU
	EndGlobalSection
	GlobalSection(SolutionProperties) = preSolution
		HideSolutionNode = FALSE
	EndGlobalSection
	GlobalSection(ExtensibilityGlobals) = postSolution
		SolutionGuid = {B87CA730-D814-426D-9C7E-CC01186DBBB6}
	EndGlobalSection
EndGlobal
